
Microsoft Visual Studio Solution File, Format Version 12.00
# Visual Studio Version 16
VisualStudioVersion = 16.0.31019.35
MinimumVisualStudioVersion = 10.0.40219.1
Project("{FAE04EC0-301F-11D3-BF4B-00C04F79EFBC}") = "BlazorApp1", "BlazorApp1\BlazorApp1.csproj", "{CCCB4658-21C5-4589-81C2-26E2565C3F3F}"
EndProject
Global
	GlobalSection(SolutionConfigurationPlatforms) = preSolution
		Debug|Any CPU = Debug|Any CPU
		Release|Any CPU = Release|Any CPU
	EndGlobalSection
	GlobalSection(ProjectConfigurationPlatforms) = postSolution
		{CCCB4658-21C5-4589-81C2-26E2565C3F3F}.Debug|Any CPU.ActiveCfg = Debug|Any CPU
		{CCCB4658-21C5-4589-81C2-26E2565C3F3F}.Debug|Any CPU.Build.0 = Debug|Any CPU
		{CCCB4658-21C5-4589-81C2-26E2565C3F3F}.Release|Any CPU.ActiveCfg = Release|Any CPU
		{CCCB4658-21C5-4589-81C2-26E2565C3F3F}.Release|Any CPU.Build.0 = Release|Any CPU
	EndGlobalSection
	GlobalSection(SolutionProperties) = preSolution
		HideSolutionNode = FALSE
	EndGlobalSection
	GlobalSection(ExtensibilityGlobals) = postSolution
		SolutionGuid = {595CABD0-8C43-4B41-8B3E-B024BA0CEEB1}
	EndGlobalSection
EndGlobal
